
Microsoft Visual Studio Solution File, Format Version 12.00
# Visual Studio Version 16
VisualStudioVersion = 16.0.30611.23
MinimumVisualStudioVersion = 10.0.40219.1
Project("{9A19103F-16F7-4668-BE54-9A1E7A4F7556}") = "VoicenterRealtimeAPI", "SocketIOClient\VoicenterRealtimeAPI.csproj", "{495F757F-92AA-4E8E-BE3B-4BE4D2FA310E}"
EndProject
Project("{FAE04EC0-301F-11D3-BF4B-00C04F79EFBC}") = "VcRealTimeCli", "VcRealTimeCli\VcRealTimeCli.csproj", "{C59E5151-D6CE-4D86-AF7D-0615EB07AAB8}"
EndProject
Project("{FAE04EC0-301F-11D3-BF4B-00C04F79EFBC}") = "Demo", "Demo\Demo.csproj", "{B840E0CF-A433-4C96-A413-21F798C6F148}"
EndProject
Global
	GlobalSection(SolutionConfigurationPlatforms) = preSolution
		Debug|Any CPU = Debug|Any CPU
		Release|Any CPU = Release|Any CPU
	EndGlobalSection
	GlobalSection(ProjectConfigurationPlatforms) = postSolution
		{495F757F-92AA-4E8E-BE3B-4BE4D2FA310E}.Debug|Any CPU.ActiveCfg = Debug|Any CPU
		{495F757F-92AA-4E8E-BE3B-4BE4D2FA310E}.Debug|Any CPU.Build.0 = Debug|Any CPU
		{495F757F-92AA-4E8E-BE3B-4BE4D2FA310E}.Release|Any CPU.ActiveCfg = Release|Any CPU
		{495F757F-92AA-4E8E-BE3B-4BE4D2FA310E}.Release|Any CPU.Build.0 = Release|Any CPU
		{C59E5151-D6CE-4D86-AF7D-0615EB07AAB8}.Debug|Any CPU.ActiveCfg = Debug|Any CPU
		{C59E5151-D6CE-4D86-AF7D-0615EB07AAB8}.Debug|Any CPU.Build.0 = Debug|Any CPU
		{C59E5151-D6CE-4D86-AF7D-0615EB07AAB8}.Release|Any CPU.ActiveCfg = Release|Any CPU
		{C59E5151-D6CE-4D86-AF7D-0615EB07AAB8}.Release|Any CPU.Build.0 = Release|Any CPU
		{B840E0CF-A433-4C96-A413-21F798C6F148}.Debug|Any CPU.ActiveCfg = Debug|Any CPU
		{B840E0CF-A433-4C96-A413-21F798C6F148}.Debug|Any CPU.Build.0 = Debug|Any CPU
		{B840E0CF-A433-4C96-A413-21F798C6F148}.Release|Any CPU.ActiveCfg = Release|Any CPU
		{B840E0CF-A433-4C96-A413-21F798C6F148}.Release|Any CPU.Build.0 = Release|Any CPU
	EndGlobalSection
	GlobalSection(SolutionProperties) = preSolution
		HideSolutionNode = FALSE
	EndGlobalSection
	GlobalSection(ExtensibilityGlobals) = postSolution
		SolutionGuid = {C1631F7A-ECFA-4454-BA8D-5B8E275242D4}
	EndGlobalSection
EndGlobal
